# This file is automatically @generated by Cargo.
# It is not intended for manual editing.
version = 4

[[package]]
name = "txpos-bootloader"
version = "0.1.0"

[[package]]
name = "txpos-crypto"
version = "0.1.0"

[[package]]
name = "txpos-filesystem"
version = "0.1.0"

[[package]]
name = "txpos-kernel"
version = "0.1.0"
dependencies = [
 "txpos-bootloader",
 "txpos-memory",
 "txpos-scheduler",
 "txpos-security",
 "txpos-txshield",
]

[[package]]
name = "txpos-memory"
version = "0.1.0"

[[package]]
name = "txpos-networking"
version = "0.1.0"

[[package]]
name = "txpos-scheduler"
version = "0.1.0"

[[package]]
name = "txpos-security"
version = "0.1.0"

[[package]]
name = "txpos-txfirewall"
version = "0.1.0"

[[package]]
name = "txpos-txsentinel"
version = "0.1.0"

[[package]]
name = "txpos-txshield"
version = "0.1.0"
dependencies = [
 "txpos-crypto",
]

[[package]]
name = "txpos-txvault"
version = "0.1.0"
dependencies = [
 "txpos-crypto",
]

[[package]]
name = "xtask"
version = "0.1.0"
